
Microsoft Visual Studio Solution File, Format Version 12.00
# Visual Studio Version 17
VisualStudioVersion = 17.13.35931.197 d17.13
MinimumVisualStudioVersion = 10.0.40219.1
Project("{FAE04EC0-301F-11D3-BF4B-00C04F79EFBC}") = "TodoAPI-Portfolio", "TodoAPI-Portfolio.csproj", "{D9BEB7BD-2EEC-403C-AC98-18E649F030F7}"
EndProject
Global
	GlobalSection(SolutionConfigurationPlatforms) = preSolution
		Debug|Any CPU = Debug|Any CPU
		Release|Any CPU = Release|Any CPU
	EndGlobalSection
	GlobalSection(ProjectConfigurationPlatforms) = postSolution
		{D9BEB7BD-2EEC-403C-AC98-18E649F030F7}.Debug|Any CPU.ActiveCfg = Debug|Any CPU
		{D9BEB7BD-2EEC-403C-AC98-18E649F030F7}.Debug|Any CPU.Build.0 = Debug|Any CPU
		{D9BEB7BD-2EEC-403C-AC98-18E649F030F7}.Release|Any CPU.ActiveCfg = Release|Any CPU
		{D9BEB7BD-2EEC-403C-AC98-18E649F030F7}.Release|Any CPU.Build.0 = Release|Any CPU
	EndGlobalSection
	GlobalSection(SolutionProperties) = preSolution
		HideSolutionNode = FALSE
	EndGlobalSection
	GlobalSection(ExtensibilityGlobals) = postSolution
		SolutionGuid = {0FB81D91-9DA7-49CA-AF70-4E439CB80F09}
	EndGlobalSection
EndGlobal
